
Microsoft Visual Studio Solution File, Format Version 12.00
# Visual Studio 2013
VisualStudioVersion = 12.0.31101.0
MinimumVisualStudioVersion = 10.0.40219.1
Project("{FAE04EC0-301F-11D3-BF4B-00C04F79EFBC}") = "EventbriteNET", "Eventbrite.Portable\EventbriteNET.csproj", "{36F8F0B0-5B1F-41A0-8050-4435431F10B0}"
EndProject
Project("{2150E333-8FDC-42A3-9474-1A3956D46DE8}") = "Tests", "Tests", "{66E67ACD-906B-4FF3-AEBC-4A5B8A1EF631}"
EndProject
Project("{FAE04EC0-301F-11D3-BF4B-00C04F79EFBC}") = "Eventbrite.Tests", "Eventbrite.Tests\Eventbrite.Tests.csproj", "{6E402351-756A-4E6B-8316-0B0901103D56}"
EndProject
Global
	GlobalSection(SolutionConfigurationPlatforms) = preSolution
		Debug|Any CPU = Debug|Any CPU
		Release|Any CPU = Release|Any CPU
	EndGlobalSection
	GlobalSection(ProjectConfigurationPlatforms) = postSolution
		{36F8F0B0-5B1F-41A0-8050-4435431F10B0}.Debug|Any CPU.ActiveCfg = Debug|Any CPU
		{36F8F0B0-5B1F-41A0-8050-4435431F10B0}.Debug|Any CPU.Build.0 = Debug|Any CPU
		{36F8F0B0-5B1F-41A0-8050-4435431F10B0}.Release|Any CPU.ActiveCfg = Release|Any CPU
		{36F8F0B0-5B1F-41A0-8050-4435431F10B0}.Release|Any CPU.Build.0 = Release|Any CPU
		{6E402351-756A-4E6B-8316-0B0901103D56}.Debug|Any CPU.ActiveCfg = Debug|Any CPU
		{6E402351-756A-4E6B-8316-0B0901103D56}.Debug|Any CPU.Build.0 = Debug|Any CPU
		{6E402351-756A-4E6B-8316-0B0901103D56}.Release|Any CPU.ActiveCfg = Release|Any CPU
		{6E402351-756A-4E6B-8316-0B0901103D56}.Release|Any CPU.Build.0 = Release|Any CPU
	EndGlobalSection
	GlobalSection(SolutionProperties) = preSolution
		HideSolutionNode = FALSE
	EndGlobalSection
	GlobalSection(NestedProjects) = preSolution
		{6E402351-756A-4E6B-8316-0B0901103D56} = {66E67ACD-906B-4FF3-AEBC-4A5B8A1EF631}
	EndGlobalSection
EndGlobal
